// !$*UTF8*$!
{
	archiveVersion = 1;
	classes = {
	};
	objectVersion = 46;
	objects = {

/* Begin PBXBuildFile section */
		3A0BCF3D5A0E4E12AAEEFE2B /* libPods-Demo.a in Frameworks */ = {isa = PBXBuildFile; fileRef = CBF9E834B6714D8CBDC4795C /* libPods-Demo.a */; };
		6240B51E19503FA9008C8D32 /* Foundation.framework in Frameworks */ = {isa = PBXBuildFile; fileRef = 6240B51D19503FA9008C8D32 /* Foundation.framework */; };
		6240B52019503FA9008C8D32 /* CoreGraphics.framework in Frameworks */ = {isa = PBXBuildFile; fileRef = 6240B51F19503FA9008C8D32 /* CoreGraphics.framework */; };
		6240B52219503FA9008C8D32 /* UIKit.framework in Frameworks */ = {isa = PBXBuildFile; fileRef = 6240B52119503FA9008C8D32 /* UIKit.framework */; };
		6240B52819503FA9008C8D32 /* InfoPlist.strings in Resources */ = {isa = PBXBuildFile; fileRef = 6240B52619503FA9008C8D32 /* InfoPlist.strings */; };
		6240B52A19503FA9008C8D32 /* main.m in Sources */ = {isa = PBXBuildFile; fileRef = 6240B52919503FA9008C8D32 /* main.m */; };
		6240B52E19503FA9008C8D32 /* ODSAppDelegate.m in Sources */ = {isa = PBXBuildFile; fileRef = 6240B52D19503FA9008C8D32 /* ODSAppDelegate.m */; };
		6240B53019503FA9008C8D32 /* Images.xcassets in Resources */ = {isa = PBXBuildFile; fileRef = 6240B52F19503FA9008C8D32 /* Images.xcassets */; };
		6240B53719503FA9008C8D32 /* XCTest.framework in Frameworks */ = {isa = PBXBuildFile; fileRef = 6240B53619503FA9008C8D32 /* XCTest.framework */; };
		6240B53819503FA9008C8D32 /* Foundation.framework in Frameworks */ = {isa = PBXBuildFile; fileRef = 6240B51D19503FA9008C8D32 /* Foundation.framework */; };
		6240B53919503FA9008C8D32 /* UIKit.framework in Frameworks */ = {isa = PBXBuildFile; fileRef = 6240B52119503FA9008C8D32 /* UIKit.framework */; };
		6240B54119503FA9008C8D32 /* InfoPlist.strings in Resources */ = {isa = PBXBuildFile; fileRef = 6240B53F19503FA9008C8D32 /* InfoPlist.strings */; };
		6240B54319503FA9008C8D32 /* DemoTests.m in Sources */ = {isa = PBXBuildFile; fileRef = 6240B54219503FA9008C8D32 /* DemoTests.m */; };
		6240B5541950428A008C8D32 /* ODSExampleViewController.m in Sources */ = {isa = PBXBuildFile; fileRef = 6240B5531950428A008C8D32 /* ODSExampleViewController.m */; };
/* End PBXBuildFile section */

/* Begin PBXContainerItemProxy section */
		6240B53A19503FA9008C8D32 /* PBXContainerItemProxy */ = {
			isa = PBXContainerItemProxy;
			containerPortal = 6240B51219503FA9008C8D32 /* Project object */;
			proxyType = 1;
			remoteGlobalIDString = 6240B51919503FA9008C8D32;
			remoteInfo = Demo;
		};
/* End PBXContainerItemProxy section */

/* Begin PBXFileReference section */
		6142E3F8127C4177B21530FE /* Pods-Demo.xcconfig */ = {isa = PBXFileReference; includeInIndex = 1; lastKnownFileType = text.xcconfig; name = "Pods-Demo.xcconfig"; path = "Pods/Pods-Demo.xcconfig"; sourceTree = "<group>"; };
		6240B51A19503FA9008C8D32 /* Demo.app */ = {isa = PBXFileReference; explicitFileType = wrapper.application; includeInIndex = 0; path = Demo.app; sourceTree = BUILT_PRODUCTS_DIR; };
		6240B51D19503FA9008C8D32 /* Foundation.framework */ = {isa = PBXFileReference; lastKnownFileType = wrapper.framework; name = Foundation.framework; path = System/Library/Frameworks/Foundation.framework; sourceTree = SDKROOT; };
		6240B51F19503FA9008C8D32 /* CoreGraphics.framework */ = {isa = PBXFileReference; lastKnownFileType = wrapper.framework; name = CoreGraphics.framework; path = System/Library/Frameworks/CoreGraphics.framework; sourceTree = SDKROOT; };
		6240B52119503FA9008C8D32 /* UIKit.framework */ = {isa = PBXFileReference; lastKnownFileType = wrapper.framework; name = UIKit.framework; path = System/Library/Frameworks/UIKit.framework; sourceTree = SDKROOT; };
		6240B52519503FA9008C8D32 /* Demo-Info.plist */ = {isa = PBXFileReference; lastKnownFileType = text.plist.xml; path = "Demo-Info.plist"; sourceTree = "<group>"; };
		6240B52719503FA9008C8D32 /* en */ = {isa = PBXFileReference; lastKnownFileType = text.plist.strings; name = en; path = en.lproj/InfoPlist.strings; sourceTree = "<group>"; };
		6240B52919503FA9008C8D32 /* main.m */ = {isa = PBXFileReference; lastKnownFileType = sourcecode.c.objc; path = main.m; sourceTree = "<group>"; };
		6240B52B19503FA9008C8D32 /* Demo-Prefix.pch */ = {isa = PBXFileReference; lastKnownFileType = sourcecode.c.h; path = "Demo-Prefix.pch"; sourceTree = "<group>"; };
		6240B52C19503FA9008C8D32 /* ODSAppDelegate.h */ = {isa = PBXFileReference; lastKnownFileType = sourcecode.c.h; path = ODSAppDelegate.h; sourceTree = "<group>"; };
		6240B52D19503FA9008C8D32 /* ODSAppDelegate.m */ = {isa = PBXFileReference; lastKnownFileType = sourcecode.c.objc; path = ODSAppDelegate.m; sourceTree = "<group>"; };
		6240B52F19503FA9008C8D32 /* Images.xcassets */ = {isa = PBXFileReference; lastKnownFileType = folder.assetcatalog; path = Images.xcassets; sourceTree = "<group>"; };
		6240B53519503FA9008C8D32 /* DemoTests.xctest */ = {isa = PBXFileReference; explicitFileType = wrapper.cfbundle; includeInIndex = 0; path = DemoTests.xctest; sourceTree = BUILT_PRODUCTS_DIR; };
		6240B53619503FA9008C8D32 /* XCTest.framework */ = {isa = PBXFileReference; lastKnownFileType = wrapper.framework; name = XCTest.framework; path = Library/Frameworks/XCTest.framework; sourceTree = DEVELOPER_DIR; };
		6240B53E19503FA9008C8D32 /* DemoTests-Info.plist */ = {isa = PBXFileReference; lastKnownFileType = text.plist.xml; path = "DemoTests-Info.plist"; sourceTree = "<group>"; };
		6240B54019503FA9008C8D32 /* en */ = {isa = PBXFileReference; lastKnownFileType = text.plist.strings; name = en; path = en.lproj/InfoPlist.strings; sourceTree = "<group>"; };
		6240B54219503FA9008C8D32 /* DemoTests.m */ = {isa = PBXFileReference; lastKnownFileType = sourcecode.c.objc; path = DemoTests.m; sourceTree = "<group>"; };
		6240B5521950428A008C8D32 /* ODSExampleViewController.h */ = {isa = PBXFileReference; fileEncoding = 4; lastKnownFileType = sourcecode.c.h; path = ODSExampleViewController.h; sourceTree = "<group>"; };
		6240B5531950428A008C8D32 /* ODSExampleViewController.m */ = {isa = PBXFileReference; fileEncoding = 4; lastKnownFileType = sourcecode.c.objc; path = ODSExampleViewController.m; sourceTree = "<group>"; };
		CBF9E834B6714D8CBDC4795C /* libPods-Demo.a */ = {isa = PBXFileReference; explicitFileType = archive.ar; includeInIndex = 0; path = "libPods-Demo.a"; sourceTree = BUILT_PRODUCTS_DIR; };
/* End PBXFileReference section */

/* Begin PBXFrameworksBuildPhase section */
		6240B51719503FA9008C8D32 /* Frameworks */ = {
			isa = PBXFrameworksBuildPhase;
			buildActionMask = 2147483647;
			files = (
				6240B52019503FA9008C8D32 /* CoreGraphics.framework in Frameworks */,
				6240B52219503FA9008C8D32 /* UIKit.framework in Frameworks */,
				6240B51E19503FA9008C8D32 /* Foundation.framework in Frameworks */,
				3A0BCF3D5A0E4E12AAEEFE2B /* libPods-Demo.a in Frameworks */,
			);
			runOnlyForDeploymentPostprocessing = 0;
		};
		6240B53219503FA9008C8D32 /* Frameworks */ = {
			isa = PBXFrameworksBuildPhase;
			buildActionMask = 2147483647;
			files = (
				6240B53719503FA9008C8D32 /* XCTest.framework in Frameworks */,
				6240B53919503FA9008C8D32 /* UIKit.framework in Frameworks */,
				6240B53819503FA9008C8D32 /* Foundation.framework in Frameworks */,
			);
			runOnlyForDeploymentPostprocessing = 0;
		};
/* End PBXFrameworksBuildPhase section */

/* Begin PBXGroup section */
		6240B51119503FA9008C8D32 = {
			isa = PBXGroup;
			children = (
				6240B52319503FA9008C8D32 /* Demo */,
				6240B53C19503FA9008C8D32 /* DemoTests */,
				6240B51C19503FA9008C8D32 /* Frameworks */,
				6240B51B19503FA9008C8D32 /* Products */,
				6142E3F8127C4177B21530FE /* Pods-Demo.xcconfig */,
			);
			sourceTree = "<group>";
		};
		6240B51B19503FA9008C8D32 /* Products */ = {
			isa = PBXGroup;
			children = (
				6240B51A19503FA9008C8D32 /* Demo.app */,
				6240B53519503FA9008C8D32 /* DemoTests.xctest */,
			);
			name = Products;
			sourceTree = "<group>";
		};
		6240B51C19503FA9008C8D32 /* Frameworks */ = {
			isa = PBXGroup;
			children = (
				6240B51D19503FA9008C8D32 /* Foundation.framework */,
				6240B51F19503FA9008C8D32 /* CoreGraphics.framework */,
				6240B52119503FA9008C8D32 /* UIKit.framework */,
				6240B53619503FA9008C8D32 /* XCTest.framework */,
				CBF9E834B6714D8CBDC4795C /* libPods-Demo.a */,
			);
			name = Frameworks;
			sourceTree = "<group>";
		};
		6240B52319503FA9008C8D32 /* Demo */ = {
			isa = PBXGroup;
			children = (
				6240B52C19503FA9008C8D32 /* ODSAppDelegate.h */,
				6240B52D19503FA9008C8D32 /* ODSAppDelegate.m */,
				6240B5521950428A008C8D32 /* ODSExampleViewController.h */,
				6240B5531950428A008C8D32 /* ODSExampleViewController.m */,
				6240B52F19503FA9008C8D32 /* Images.xcassets */,
				6240B52419503FA9008C8D32 /* Supporting Files */,
			);
			path = Demo;
			sourceTree = "<group>";
		};
		6240B52419503FA9008C8D32 /* Supporting Files */ = {
			isa = PBXGroup;
			children = (
				6240B52519503FA9008C8D32 /* Demo-Info.plist */,
				6240B52619503FA9008C8D32 /* InfoPlist.strings */,
				6240B52919503FA9008C8D32 /* main.m */,
				6240B52B19503FA9008C8D32 /* Demo-Prefix.pch */,
			);
			name = "Supporting Files";
			sourceTree = "<group>";
		};
		6240B53C19503FA9008C8D32 /* DemoTests */ = {
			isa = PBXGroup;
			children = (
				6240B54219503FA9008C8D32 /* DemoTests.m */,
				6240B53D19503FA9008C8D32 /* Supporting Files */,
			);
			path = DemoTests;
			sourceTree = "<group>";
		};
		6240B53D19503FA9008C8D32 /* Supporting Files */ = {
			isa = PBXGroup;
			children = (
				6240B53E19503FA9008C8D32 /* DemoTests-Info.plist */,
				6240B53F19503FA9008C8D32 /* InfoPlist.strings */,
			);
			name = "Supporting Files";
			sourceTree = "<group>";
		};
/* End PBXGroup section */

/* Begin PBXNativeTarget section */
		6240B51919503FA9008C8D32 /* Demo */ = {
			isa = PBXNativeTarget;
			buildConfigurationList = 6240B54619503FA9008C8D32 /* Build configuration list for PBXNativeTarget "Demo" */;
			buildPhases = (
				CB16C4A34B114D069DB9C07F /* Check Pods Manifest.lock */,
				6240B51619503FA9008C8D32 /* Sources */,
				6240B51719503FA9008C8D32 /* Frameworks */,
				6240B51819503FA9008C8D32 /* Resources */,
				473BBF751C25410BB2018B2D /* Copy Pods Resources */,
			);
			buildRules = (
			);
			dependencies = (
			);
			name = Demo;
			productName = Demo;
			productReference = 6240B51A19503FA9008C8D32 /* Demo.app */;
			productType = "com.apple.product-type.application";
		};
		6240B53419503FA9008C8D32 /* DemoTests */ = {
			isa = PBXNativeTarget;
			buildConfigurationList = 6240B54919503FA9008C8D32 /* Build configuration list for PBXNativeTarget "DemoTests" */;
			buildPhases = (
				6240B53119503FA9008C8D32 /* Sources */,
				6240B53219503FA9008C8D32 /* Frameworks */,
				6240B53319503FA9008C8D32 /* Resources */,
			);
			buildRules = (
			);
			dependencies = (
				6240B53B19503FA9008C8D32 /* PBXTargetDependency */,
			);
			name = DemoTests;
			productName = DemoTests;
			productReference = 6240B53519503FA9008C8D32 /* DemoTests.xctest */;
			productType = "com.apple.product-type.bundle.unit-test";
		};
/* End PBXNativeTarget section */

/* Begin PBXProject section */
		6240B51219503FA9008C8D32 /* Project object */ = {
			isa = PBXProject;
			attributes = {
				CLASSPREFIX = ODS;
				LastUpgradeCheck = 0510;
				ORGANIZATIONNAME = "Johannes W. Seitz";
				TargetAttributes = {
					6240B53419503FA9008C8D32 = {
						TestTargetID = 6240B51919503FA9008C8D32;
					};
				};
			};
			buildConfigurationList = 6240B51519503FA9008C8D32 /* Build configuration list for PBXProject "Demo" */;
			compatibilityVersion = "Xcode 3.2";
			developmentRegion = English;
			hasScannedForEncodings = 0;
			knownRegions = (
				en,
			);
			mainGroup = 6240B51119503FA9008C8D32;
			productRefGroup = 6240B51B19503FA9008C8D32 /* Products */;
			projectDirPath = "";
			projectRoot = "";
			targets = (
				6240B51919503FA9008C8D32 /* Demo */,
				6240B53419503FA9008C8D32 /* DemoTests */,
			);
		};
/* End PBXProject section */

/* Begin PBXResourcesBuildPhase section */
		6240B51819503FA9008C8D32 /* Resources */ = {
			isa = PBXResourcesBuildPhase;
			buildActionMask = 2147483647;
			files = (
				6240B52819503FA9008C8D32 /* InfoPlist.strings in Resources */,
				6240B53019503FA9008C8D32 /* Images.xcassets in Resources */,
			);
			runOnlyForDeploymentPostprocessing = 0;
		};
		6240B53319503FA9008C8D32 /* Resources */ = {
			isa = PBXResourcesBuildPhase;
			buildActionMask = 2147483647;
			files = (
				6240B54119503FA9008C8D32 /* InfoPlist.strings in Resources */,
			);
			runOnlyForDeploymentPostprocessing = 0;
		};
/* End PBXResourcesBuildPhase section */

/* Begin PBXShellScriptBuildPhase section */
		473BBF751C25410BB2018B2D /* Copy Pods Resources */ = {
			isa = PBXShellScriptBuildPhase;
			buildActionMask = 2147483647;
			files = (
			);
			inputPaths = (
			);
			name = "Copy Pods Resources";
			outputPaths = (
			);
			runOnlyForDeploymentPostprocessing = 0;
			shellPath = /bin/sh;
			shellScript = "\"${SRCROOT}/Pods/Pods-Demo-resources.sh\"\n";
			showEnvVarsInLog = 0;
		};
		CB16C4A34B114D069DB9C07F /* Check Pods Manifest.lock */ = {
			isa = PBXShellScriptBuildPhase;
			buildActionMask = 2147483647;
			files = (
			);
			inputPaths = (
			);
			name = "Check Pods Manifest.lock";
			outputPaths = (
			);
			runOnlyForDeploymentPostprocessing = 0;
			shellPath = /bin/sh;
			shellScript = "diff \"${PODS_ROOT}/../Podfile.lock\" \"${PODS_ROOT}/Manifest.lock\" > /dev/null\nif [[ $? != 0 ]] ; then\n    cat << EOM\nerror: The sandbox is not in sync with the Podfile.lock. Run 'pod install' or update your CocoaPods installation.\nEOM\n    exit 1\nfi\n";
			showEnvVarsInLog = 0;
		};
/* End PBXShellScriptBuildPhase section */

/* Begin PBXSourcesBuildPhase section */
		6240B51619503FA9008C8D32 /* Sources */ = {
			isa = PBXSourcesBuildPhase;
			buildActionMask = 2147483647;
			files = (
				6240B5541950428A008C8D32 /* ODSExampleViewController.m in Sources */,
				6240B52A19503FA9008C8D32 /* main.m in Sources */,
				6240B52E19503FA9008C8D32 /* ODSAppDelegate.m in Sources */,
			);
			runOnlyForDeploymentPostprocessing = 0;
		};
		6240B53119503FA9008C8D32 /* Sources */ = {
			isa = PBXSourcesBuildPhase;
			buildActionMask = 2147483647;
			files = (
				6240B54319503FA9008C8D32 /* DemoTests.m in Sources */,
			);
			runOnlyForDeploymentPostprocessing = 0;
		};
/* End PBXSourcesBuildPhase section */

/* Begin PBXTargetDependency section */
		6240B53B19503FA9008C8D32 /* PBXTargetDependency */ = {
			isa = PBXTargetDependency;
			target = 6240B51919503FA9008C8D32 /* Demo */;
			targetProxy = 6240B53A19503FA9008C8D32 /* PBXContainerItemProxy */;
		};
/* End PBXTargetDependency section */

/* Begin PBXVariantGroup section */
		6240B52619503FA9008C8D32 /* InfoPlist.strings */ = {
			isa = PBXVariantGroup;
			children = (
				6240B52719503FA9008C8D32 /* en */,
			);
			name = InfoPlist.strings;
			sourceTree = "<group>";
		};
		6240B53F19503FA9008C8D32 /* InfoPlist.strings */ = {
			isa = PBXVariantGroup;
			children = (
				6240B54019503FA9008C8D32 /* en */,
			);
			name = InfoPlist.strings;
			sourceTree = "<group>";
		};
/* End PBXVariantGroup section */

/* Begin XCBuildConfiguration section */
		6240B54419503FA9008C8D32 /* Debug */ = {
			isa = XCBuildConfiguration;
			buildSettings = {
				ALWAYS_SEARCH_USER_PATHS = NO;
				CLANG_CXX_LANGUAGE_STANDARD = "gnu++0x";
				CLANG_CXX_LIBRARY = "libc++";
				CLANG_ENABLE_MODULES = YES;
				CLANG_ENABLE_OBJC_ARC = YES;
				CLANG_WARN_BOOL_CONVERSION = YES;
				CLANG_WARN_CONSTANT_CONVERSION = YES;
				CLANG_WARN_DIRECT_OBJC_ISA_USAGE = YES_ERROR;
				CLANG_WARN_EMPTY_BODY = YES;
				CLANG_WARN_ENUM_CONVERSION = YES;
				CLANG_WARN_INT_CONVERSION = YES;
				CLANG_WARN_OBJC_ROOT_CLASS = YES_ERROR;
				CLANG_WARN__DUPLICATE_METHOD_MATCH = YES;
				"CODE_SIGN_IDENTITY[sdk=iphoneos*]" = "iPhone Developer";
				COPY_PHASE_STRIP = NO;
				GCC_C_LANGUAGE_STANDARD = gnu99;
				GCC_DYNAMIC_NO_PIC = NO;
				GCC_OPTIMIZATION_LEVEL = 0;
				GCC_PREPROCESSOR_DEFINITIONS = (
					"DEBUG=1",
					"$(inherited)",
				);
				GCC_SYMBOLS_PRIVATE_EXTERN = NO;
				GCC_WARN_64_TO_32_BIT_CONVERSION = YES;
				GCC_WARN_ABOUT_RETURN_TYPE = YES_ERROR;
				GCC_WARN_UNDECLARED_SELECTOR = YES;
				GCC_WARN_UNINITIALIZED_AUTOS = YES_AGGRESSIVE;
				GCC_WARN_UNUSED_FUNCTION = YES;
				GCC_WARN_UNUSED_VARIABLE = YES;
				IPHONEOS_DEPLOYMENT_TARGET = 7.1;
				ONLY_ACTIVE_ARCH = YES;
				SDKROOT = iphoneos;
				TARGETED_DEVICE_FAMILY = "1,2";
			};
			name = Debug;
		};
		6240B54519503FA9008C8D32 /* Release */ = {
			isa = XCBuildConfiguration;
			buildSettings = {
				ALWAYS_SEARCH_USER_PATHS = NO;
				CLANG_CXX_LANGUAGE_STANDARD = "gnu++0x";
				CLANG_CXX_LIBRARY = "libc++";
				CLANG_ENABLE_MODULES = YES;
				CLANG_ENABLE_OBJC_ARC = YES;
				CLANG_WARN_BOOL_CONVERSION = YES;
				CLANG_WARN_CONSTANT_CONVERSION = YES;
				CLANG_WARN_DIRECT_OBJC_ISA_USAGE = YES_ERROR;
				CLANG_WARN_EMPTY_BODY = YES;
				CLANG_WARN_ENUM_CONVERSION = YES;
				CLANG_WARN_INT_CONVERSION = YES;
				CLANG_WARN_OBJC_ROOT_CLASS = YES_ERROR;
				CLANG_WARN__DUPLICATE_METHOD_MATCH = YES;
				"CODE_SIGN_IDENTITY[sdk=iphoneos*]" = "iPhone Developer";
				COPY_PHASE_STRIP = YES;
				ENABLE_NS_ASSERTIONS = NO;
				GCC_C_LANGUAGE_STANDARD = gnu99;
				GCC_WARN_64_TO_32_BIT_CONVERSION = YES;
				GCC_WARN_ABOUT_RETURN_TYPE = YES_ERROR;
				GCC_WARN_UNDECLARED_SELECTOR = YES;
				GCC_WARN_UNINITIALIZED_AUTOS = YES_AGGRESSIVE;
				GCC_WARN_UNUSED_FUNCTION = YES;
				GCC_WARN_UNUSED_VARIABLE = YES;
				IPHONEOS_DEPLOYMENT_TARGET = 7.1;
				SDKROOT = iphoneos;
				TARGETED_DEVICE_FAMILY = "1,2";
				VALIDATE_PRODUCT = YES;
			};
			name = Release;
		};
		6240B54719503FA9008C8D32 /* Debug */ = {
			isa = XCBuildConfiguration;
			baseConfigurationReference = 6142E3F8127C4177B21530FE /* Pods-Demo.xcconfig */;
			buildSettings = {
				ASSETCATALOG_COMPILER_APPICON_NAME = AppIcon;
				ASSETCATALOG_COMPILER_LAUNCHIMAGE_NAME = LaunchImage;
				GCC_PRECOMPILE_PREFIX_HEADER = YES;
				GCC_PREFIX_HEADER = "Demo/Demo-Prefix.pch";
				INFOPLIST_FILE = "Demo/Demo-Info.plist";
				IPHONEOS_DEPLOYMENT_TARGET = 7.0;
				PRODUCT_NAME = "$(TARGET_NAME)";
				WRAPPER_EXTENSION = app;
			};
			name = Debug;
		};
		6240B54819503FA9008C8D32 /* Release */ = {
			isa = XCBuildConfiguration;
			baseConfigurationReference = 6142E3F8127C4177B21530FE /* Pods-Demo.xcconfig */;
			buildSettings = {
				ASSETCATALOG_COMPILER_APPICON_NAME = AppIcon;
				ASSETCATALOG_COMPILER_LAUNCHIMAGE_NAME = LaunchImage;
				GCC_PRECOMPILE_PREFIX_HEADER = YES;
				GCC_PREFIX_HEADER = "Demo/Demo-Prefix.pch";
				INFOPLIST_FILE = "Demo/Demo-Info.plist";
				IPHONEOS_DEPLOYMENT_TARGET = 7.0;
				PRODUCT_NAME = "$(TARGET_NAME)";
				WRAPPER_EXTENSION = app;
			};
			name = Release;
		};
		6240B54A19503FA9008C8D32 /* Debug */ = {
			isa = XCBuildConfiguration;
			buildSettings = {
				BUNDLE_LOADER = "$(BUILT_PRODUCTS_DIR)/Demo.app/Demo";
				FRAMEWORK_SEARCH_PATHS = (
					"$(SDKROOT)/Developer/Library/Frameworks",
					"$(inherited)",
					"$(DEVELOPER_FRAMEWORKS_DIR)",
				);
				GCC_PRECOMPILE_PREFIX_HEADER = YES;
				GCC_PREFIX_HEADER = "Demo/Demo-Prefix.pch";
				GCC_PREPROCESSOR_DEFINITIONS = (
					"DEBUG=1",
					"$(inherited)",
				);
				INFOPLIST_FILE = "DemoTests/DemoTests-Info.plist";
				PRODUCT_NAME = "$(TARGET_NAME)";
				TEST_HOST = "$(BUNDLE_LOADER)";
				WRAPPER_EXTENSION = xctest;
			};
			name = Debug;
		};
		6240B54B19503FA9008C8D32 /* Release */ = {
			isa = XCBuildConfiguration;
			buildSettings = {
				BUNDLE_LOADER = "$(BUILT_PRODUCTS_DIR)/Demo.app/Demo";
				FRAMEWORK_SEARCH_PATHS = (
					"$(SDKROOT)/Developer/Library/Frameworks",
					"$(inherited)",
					"$(DEVELOPER_FRAMEWORKS_DIR)",
				);
				GCC_PRECOMPILE_PREFIX_HEADER = YES;
				GCC_PREFIX_HEADER = "Demo/Demo-Prefix.pch";
				INFOPLIST_FILE = "DemoTests/DemoTests-Info.plist";
				PRODUCT_NAME = "$(TARGET_NAME)";
				TEST_HOST = "$(BUNDLE_LOADER)";
				WRAPPER_EXTENSION = xctest;
			};
			name = Release;
		};
/* End XCBuildConfiguration section */

/* Begin XCConfigurationList section */
		6240B51519503FA9008C8D32 /* Build configuration list for PBXProject "Demo" */ = {
			isa = XCConfigurationList;
			buildConfigurations = (
				6240B54419503FA9008C8D32 /* Debug */,
				6240B54519503FA9008C8D32 /* Release */,
			);
			defaultConfigurationIsVisible = 0;
			defaultConfigurationName = Release;
		};
		6240B54619503FA9008C8D32 /* Build configuration list for PBXNativeTarget "Demo" */ = {
			isa = XCConfigurationList;
			buildConfigurations = (
				6240B54719503FA9008C8D32 /* Debug */,
				6240B54819503FA9008C8D32 /* Release */,
			);
			defaultConfigurationIsVisible = 0;
			defaultConfigurationName = Release;
		};
		6240B54919503FA9008C8D32 /* Build configuration list for PBXNativeTarget "DemoTests" */ = {
			isa = XCConfigurationList;
			buildConfigurations = (
				6240B54A19503FA9008C8D32 /* Debug */,
				6240B54B19503FA9008C8D32 /* Release */,
			);
			defaultConfigurationIsVisible = 0;
			defaultConfigurationName = Release;
		};
/* End XCConfigurationList section */
	};
	rootObject = 6240B51219503FA9008C8D32 /* Project object */;
}
